// !$*UTF8*$!
{
	archiveVersion = 1;
	classes = {
	};
	objectVersion = 46;
	objects = {

/* Begin PBXBuildFile section */
		5A2BC0BF06316BFF6AC20AB5 /* Pods_Salsa20Cipher_Tests.framework in Frameworks */ = {isa = PBXBuildFile; fileRef = 5FE133A1F9A2BD1A5CC45973 /* Pods_Salsa20Cipher_Tests.framework */; };
		607FACD61AFB9204008FA782 /* AppDelegate.swift in Sources */ = {isa = PBXBuildFile; fileRef = 607FACD51AFB9204008FA782 /* AppDelegate.swift */; };
		607FACD81AFB9204008FA782 /* ViewController.swift in Sources */ = {isa = PBXBuildFile; fileRef = 607FACD71AFB9204008FA782 /* ViewController.swift */; };
		607FACDB1AFB9204008FA782 /* Main.storyboard in Resources */ = {isa = PBXBuildFile; fileRef = 607FACD91AFB9204008FA782 /* Main.storyboard */; };
		607FACDD1AFB9204008FA782 /* Images.xcassets in Resources */ = {isa = PBXBuildFile; fileRef = 607FACDC1AFB9204008FA782 /* Images.xcassets */; };
		607FACE01AFB9204008FA782 /* LaunchScreen.xib in Resources */ = {isa = PBXBuildFile; fileRef = 607FACDE1AFB9204008FA782 /* LaunchScreen.xib */; };
		D8C1D0B11FB8E67F00DF4EAB /* ByteOrderTests.swift in Sources */ = {isa = PBXBuildFile; fileRef = D8C1D0971FB8E61100DF4EAB /* ByteOrderTests.swift */; };
		D8C1D0B21FB8E67F00DF4EAB /* DataInputStreamTests.swift in Sources */ = {isa = PBXBuildFile; fileRef = D8C1D0981FB8E61100DF4EAB /* DataInputStreamTests.swift */; };
		D8C1D0B31FB8E67F00DF4EAB /* FileInputStreamTests.swift in Sources */ = {isa = PBXBuildFile; fileRef = D8C1D0A11FB8E61200DF4EAB /* FileInputStreamTests.swift */; };
		D8C1D0B41FB8E67F00DF4EAB /* OpenText.txt in Resources */ = {isa = PBXBuildFile; fileRef = D8C1D09D1FB8E61100DF4EAB /* OpenText.txt */; };
		D8C1D0B51FB8E67F00DF4EAB /* Salsa20CipherDataTests.swift in Sources */ = {isa = PBXBuildFile; fileRef = D8C1D0991FB8E61100DF4EAB /* Salsa20CipherDataTests.swift */; };
		D8C1D0B61FB8E67F00DF4EAB /* Salsa20CipherTests.swift in Sources */ = {isa = PBXBuildFile; fileRef = D8C1D09A1FB8E61100DF4EAB /* Salsa20CipherTests.swift */; };
		D8C1D0B71FB8E67F00DF4EAB /* Salsa20ExpansionFunctionTests.swift in Sources */ = {isa = PBXBuildFile; fileRef = D8C1D0A21FB8E61200DF4EAB /* Salsa20ExpansionFunctionTests.swift */; };
		D8C1D0B81FB8E67F00DF4EAB /* Salsa20HashFunctionTests.swift in Sources */ = {isa = PBXBuildFile; fileRef = D8C1D09E1FB8E61100DF4EAB /* Salsa20HashFunctionTests.swift */; };
		D8C1D0B91FB8E67F00DF4EAB /* SalsaCipherStreamTests.swift in Sources */ = {isa = PBXBuildFile; fileRef = D8C1D0A01FB8E61100DF4EAB /* SalsaCipherStreamTests.swift */; };
		D8C1D0BA1FB8E67F00DF4EAB /* TestConstants.swift in Sources */ = {isa = PBXBuildFile; fileRef = D8C1D09F1FB8E61100DF4EAB /* TestConstants.swift */; };
		D8C1D0BB1FB8E67F00DF4EAB /* TestSalsa20ExpansionVector.swift in Sources */ = {isa = PBXBuildFile; fileRef = D8C1D09C1FB8E61100DF4EAB /* TestSalsa20ExpansionVector.swift */; };
		D8C1D0BC1FB8E67F00DF4EAB /* TestSalsa20HashVectors.swift in Sources */ = {isa = PBXBuildFile; fileRef = D8C1D0A31FB8E61200DF4EAB /* TestSalsa20HashVectors.swift */; };
		D8C1D0BD1FB8E67F00DF4EAB /* TestVectors.swift in Sources */ = {isa = PBXBuildFile; fileRef = D8C1D09B1FB8E61100DF4EAB /* TestVectors.swift */; };
		DD4CBE1BFBDF4EF15B087E44 /* Pods_Salsa20Cipher_Example.framework in Frameworks */ = {isa = PBXBuildFile; fileRef = 1EA6DAD2C689BF8725226EFA /* Pods_Salsa20Cipher_Example.framework */; };
/* End PBXBuildFile section */

/* Begin PBXContainerItemProxy section */
		607FACE61AFB9204008FA782 /* PBXContainerItemProxy */ = {
			isa = PBXContainerItemProxy;
			containerPortal = 607FACC81AFB9204008FA782 /* Project object */;
			proxyType = 1;
			remoteGlobalIDString = 607FACCF1AFB9204008FA782;
			remoteInfo = Salsa20Cipher;
		};
/* End PBXContainerItemProxy section */

/* Begin PBXFileReference section */
		10FA835F9702B1674F26A1F0 /* Pods-Salsa20Cipher_Example.debug.xcconfig */ = {isa = PBXFileReference; includeInIndex = 1; lastKnownFileType = text.xcconfig; name = "Pods-Salsa20Cipher_Example.debug.xcconfig"; path = "Pods/Target Support Files/Pods-Salsa20Cipher_Example/Pods-Salsa20Cipher_Example.debug.xcconfig"; sourceTree = "<group>"; };
		1EA6DAD2C689BF8725226EFA /* Pods_Salsa20Cipher_Example.framework */ = {isa = PBXFileReference; explicitFileType = wrapper.framework; includeInIndex = 0; path = Pods_Salsa20Cipher_Example.framework; sourceTree = BUILT_PRODUCTS_DIR; };
		20794FC6921DF866329464A6 /* Pods-Salsa20Cipher_Example.release.xcconfig */ = {isa = PBXFileReference; includeInIndex = 1; lastKnownFileType = text.xcconfig; name = "Pods-Salsa20Cipher_Example.release.xcconfig"; path = "Pods/Target Support Files/Pods-Salsa20Cipher_Example/Pods-Salsa20Cipher_Example.release.xcconfig"; sourceTree = "<group>"; };
		5FE133A1F9A2BD1A5CC45973 /* Pods_Salsa20Cipher_Tests.framework */ = {isa = PBXFileReference; explicitFileType = wrapper.framework; includeInIndex = 0; path = Pods_Salsa20Cipher_Tests.framework; sourceTree = BUILT_PRODUCTS_DIR; };
		607FACD01AFB9204008FA782 /* Salsa20Cipher_Example.app */ = {isa = PBXFileReference; explicitFileType = wrapper.application; includeInIndex = 0; path = Salsa20Cipher_Example.app; sourceTree = BUILT_PRODUCTS_DIR; };
		607FACD41AFB9204008FA782 /* Info.plist */ = {isa = PBXFileReference; lastKnownFileType = text.plist.xml; path = Info.plist; sourceTree = "<group>"; };
		607FACD51AFB9204008FA782 /* AppDelegate.swift */ = {isa = PBXFileReference; lastKnownFileType = sourcecode.swift; path = AppDelegate.swift; sourceTree = "<group>"; };
		607FACD71AFB9204008FA782 /* ViewController.swift */ = {isa = PBXFileReference; lastKnownFileType = sourcecode.swift; path = ViewController.swift; sourceTree = "<group>"; };
		607FACDA1AFB9204008FA782 /* Base */ = {isa = PBXFileReference; lastKnownFileType = file.storyboard; name = Base; path = Base.lproj/Main.storyboard; sourceTree = "<group>"; };
		607FACDC1AFB9204008FA782 /* Images.xcassets */ = {isa = PBXFileReference; lastKnownFileType = folder.assetcatalog; path = Images.xcassets; sourceTree = "<group>"; };
		607FACDF1AFB9204008FA782 /* Base */ = {isa = PBXFileReference; lastKnownFileType = file.xib; name = Base; path = Base.lproj/LaunchScreen.xib; sourceTree = "<group>"; };
		607FACE51AFB9204008FA782 /* Salsa20Cipher_Tests.xctest */ = {isa = PBXFileReference; explicitFileType = wrapper.cfbundle; includeInIndex = 0; path = Salsa20Cipher_Tests.xctest; sourceTree = BUILT_PRODUCTS_DIR; };
		607FACEA1AFB9204008FA782 /* Info.plist */ = {isa = PBXFileReference; lastKnownFileType = text.plist.xml; path = Info.plist; sourceTree = "<group>"; };
		93ABC40376132CBFA6C44495 /* README.md */ = {isa = PBXFileReference; includeInIndex = 1; lastKnownFileType = net.daringfireball.markdown; name = README.md; path = ../README.md; sourceTree = "<group>"; };
		93FCE73A4DCB3386B5798C22 /* Pods-Salsa20Cipher_Tests.release.xcconfig */ = {isa = PBXFileReference; includeInIndex = 1; lastKnownFileType = text.xcconfig; name = "Pods-Salsa20Cipher_Tests.release.xcconfig"; path = "Pods/Target Support Files/Pods-Salsa20Cipher_Tests/Pods-Salsa20Cipher_Tests.release.xcconfig"; sourceTree = "<group>"; };
		C37F47DE26F14BF083F8058F /* Salsa20Cipher.podspec */ = {isa = PBXFileReference; includeInIndex = 1; lastKnownFileType = text; name = Salsa20Cipher.podspec; path = ../Salsa20Cipher.podspec; sourceTree = "<group>"; };
		D01CFAC2B4673EC150B724D0 /* LICENSE */ = {isa = PBXFileReference; includeInIndex = 1; lastKnownFileType = text; name = LICENSE; path = ../LICENSE; sourceTree = "<group>"; };
		D8C1D0971FB8E61100DF4EAB /* ByteOrderTests.swift */ = {isa = PBXFileReference; fileEncoding = 4; lastKnownFileType = sourcecode.swift; path = ByteOrderTests.swift; sourceTree = "<group>"; };
		D8C1D0981FB8E61100DF4EAB /* DataInputStreamTests.swift */ = {isa = PBXFileReference; fileEncoding = 4; lastKnownFileType = sourcecode.swift; path = DataInputStreamTests.swift; sourceTree = "<group>"; };
		D8C1D0991FB8E61100DF4EAB /* Salsa20CipherDataTests.swift */ = {isa = PBXFileReference; fileEncoding = 4; lastKnownFileType = sourcecode.swift; path = Salsa20CipherDataTests.swift; sourceTree = "<group>"; };
		D8C1D09A1FB8E61100DF4EAB /* Salsa20CipherTests.swift */ = {isa = PBXFileReference; fileEncoding = 4; lastKnownFileType = sourcecode.swift; path = Salsa20CipherTests.swift; sourceTree = "<group>"; };
		D8C1D09B1FB8E61100DF4EAB /* TestVectors.swift */ = {isa = PBXFileReference; fileEncoding = 4; lastKnownFileType = sourcecode.swift; path = TestVectors.swift; sourceTree = "<group>"; };
		D8C1D09C1FB8E61100DF4EAB /* TestSalsa20ExpansionVector.swift */ = {isa = PBXFileReference; fileEncoding = 4; lastKnownFileType = sourcecode.swift; path = TestSalsa20ExpansionVector.swift; sourceTree = "<group>"; };
		D8C1D09D1FB8E61100DF4EAB /* OpenText.txt */ = {isa = PBXFileReference; fileEncoding = 4; lastKnownFileType = text; path = OpenText.txt; sourceTree = "<group>"; };
		D8C1D09E1FB8E61100DF4EAB /* Salsa20HashFunctionTests.swift */ = {isa = PBXFileReference; fileEncoding = 4; lastKnownFileType = sourcecode.swift; path = Salsa20HashFunctionTests.swift; sourceTree = "<group>"; };
		D8C1D09F1FB8E61100DF4EAB /* TestConstants.swift */ = {isa = PBXFileReference; fileEncoding = 4; lastKnownFileType = sourcecode.swift; path = TestConstants.swift; sourceTree = "<group>"; };
		D8C1D0A01FB8E61100DF4EAB /* SalsaCipherStreamTests.swift */ = {isa = PBXFileReference; fileEncoding = 4; lastKnownFileType = sourcecode.swift; path = SalsaCipherStreamTests.swift; sourceTree = "<group>"; };
		D8C1D0A11FB8E61200DF4EAB /* FileInputStreamTests.swift */ = {isa = PBXFileReference; fileEncoding = 4; lastKnownFileType = sourcecode.swift; path = FileInputStreamTests.swift; sourceTree = "<group>"; };
		D8C1D0A21FB8E61200DF4EAB /* Salsa20ExpansionFunctionTests.swift */ = {isa = PBXFileReference; fileEncoding = 4; lastKnownFileType = sourcecode.swift; path = Salsa20ExpansionFunctionTests.swift; sourceTree = "<group>"; };
		D8C1D0A31FB8E61200DF4EAB /* TestSalsa20HashVectors.swift */ = {isa = PBXFileReference; fileEncoding = 4; lastKnownFileType = sourcecode.swift; path = TestSalsa20HashVectors.swift; sourceTree = "<group>"; };
		E691E1E083BF489EB358F798 /* Pods-Salsa20Cipher_Tests.debug.xcconfig */ = {isa = PBXFileReference; includeInIndex = 1; lastKnownFileType = text.xcconfig; name = "Pods-Salsa20Cipher_Tests.debug.xcconfig"; path = "Pods/Target Support Files/Pods-Salsa20Cipher_Tests/Pods-Salsa20Cipher_Tests.debug.xcconfig"; sourceTree = "<group>"; };
/* End PBXFileReference section */

/* Begin PBXFrameworksBuildPhase section */
		607FACCD1AFB9204008FA782 /* Frameworks */ = {
			isa = PBXFrameworksBuildPhase;
			buildActionMask = 2147483647;
			files = (
				DD4CBE1BFBDF4EF15B087E44 /* Pods_Salsa20Cipher_Example.framework in Frameworks */,
			);
			runOnlyForDeploymentPostprocessing = 0;
		};
		607FACE21AFB9204008FA782 /* Frameworks */ = {
			isa = PBXFrameworksBuildPhase;
			buildActionMask = 2147483647;
			files = (
				5A2BC0BF06316BFF6AC20AB5 /* Pods_Salsa20Cipher_Tests.framework in Frameworks */,
			);
			runOnlyForDeploymentPostprocessing = 0;
		};
/* End PBXFrameworksBuildPhase section */

/* Begin PBXGroup section */
		3966C9EFDFA3C919503C32F3 /* Pods */ = {
			isa = PBXGroup;
			children = (
				10FA835F9702B1674F26A1F0 /* Pods-Salsa20Cipher_Example.debug.xcconfig */,
				20794FC6921DF866329464A6 /* Pods-Salsa20Cipher_Example.release.xcconfig */,
				E691E1E083BF489EB358F798 /* Pods-Salsa20Cipher_Tests.debug.xcconfig */,
				93FCE73A4DCB3386B5798C22 /* Pods-Salsa20Cipher_Tests.release.xcconfig */,
			);
			name = Pods;
			sourceTree = "<group>";
		};
		607FACC71AFB9204008FA782 = {
			isa = PBXGroup;
			children = (
				607FACF51AFB993E008FA782 /* Podspec Metadata */,
				607FACD21AFB9204008FA782 /* Example for Salsa20Cipher */,
				607FACE81AFB9204008FA782 /* Tests */,
				607FACD11AFB9204008FA782 /* Products */,
				3966C9EFDFA3C919503C32F3 /* Pods */,
				8A2DD129F6029FAC04BBDDF8 /* Frameworks */,
			);
			sourceTree = "<group>";
		};
		607FACD11AFB9204008FA782 /* Products */ = {
			isa = PBXGroup;
			children = (
				607FACD01AFB9204008FA782 /* Salsa20Cipher_Example.app */,
				607FACE51AFB9204008FA782 /* Salsa20Cipher_Tests.xctest */,
			);
			name = Products;
			sourceTree = "<group>";
		};
		607FACD21AFB9204008FA782 /* Example for Salsa20Cipher */ = {
			isa = PBXGroup;
			children = (
				607FACD51AFB9204008FA782 /* AppDelegate.swift */,
				607FACD71AFB9204008FA782 /* ViewController.swift */,
				607FACD91AFB9204008FA782 /* Main.storyboard */,
				607FACDC1AFB9204008FA782 /* Images.xcassets */,
				607FACDE1AFB9204008FA782 /* LaunchScreen.xib */,
				607FACD31AFB9204008FA782 /* Supporting Files */,
			);
			name = "Example for Salsa20Cipher";
			path = Salsa20Cipher;
			sourceTree = "<group>";
		};
		607FACD31AFB9204008FA782 /* Supporting Files */ = {
			isa = PBXGroup;
			children = (
				607FACD41AFB9204008FA782 /* Info.plist */,
			);
			name = "Supporting Files";
			sourceTree = "<group>";
		};
		607FACE81AFB9204008FA782 /* Tests */ = {
			isa = PBXGroup;
			children = (
				D8C1D0971FB8E61100DF4EAB /* ByteOrderTests.swift */,
				D8C1D0981FB8E61100DF4EAB /* DataInputStreamTests.swift */,
				D8C1D0A11FB8E61200DF4EAB /* FileInputStreamTests.swift */,
				D8C1D09D1FB8E61100DF4EAB /* OpenText.txt */,
				D8C1D0991FB8E61100DF4EAB /* Salsa20CipherDataTests.swift */,
				D8C1D09A1FB8E61100DF4EAB /* Salsa20CipherTests.swift */,
				D8C1D0A21FB8E61200DF4EAB /* Salsa20ExpansionFunctionTests.swift */,
				D8C1D09E1FB8E61100DF4EAB /* Salsa20HashFunctionTests.swift */,
				D8C1D0A01FB8E61100DF4EAB /* SalsaCipherStreamTests.swift */,
				D8C1D09F1FB8E61100DF4EAB /* TestConstants.swift */,
				D8C1D09C1FB8E61100DF4EAB /* TestSalsa20ExpansionVector.swift */,
				D8C1D0A31FB8E61200DF4EAB /* TestSalsa20HashVectors.swift */,
				D8C1D09B1FB8E61100DF4EAB /* TestVectors.swift */,
				607FACE91AFB9204008FA782 /* Supporting Files */,
			);
			path = Tests;
			sourceTree = "<group>";
		};
		607FACE91AFB9204008FA782 /* Supporting Files */ = {
			isa = PBXGroup;
			children = (
				607FACEA1AFB9204008FA782 /* Info.plist */,
			);
			name = "Supporting Files";
			sourceTree = "<group>";
		};
		607FACF51AFB993E008FA782 /* Podspec Metadata */ = {
			isa = PBXGroup;
			children = (
				C37F47DE26F14BF083F8058F /* Salsa20Cipher.podspec */,
				93ABC40376132CBFA6C44495 /* README.md */,
				D01CFAC2B4673EC150B724D0 /* LICENSE */,
			);
			name = "Podspec Metadata";
			sourceTree = "<group>";
		};
		8A2DD129F6029FAC04BBDDF8 /* Frameworks */ = {
			isa = PBXGroup;
			children = (
				1EA6DAD2C689BF8725226EFA /* Pods_Salsa20Cipher_Example.framework */,
				5FE133A1F9A2BD1A5CC45973 /* Pods_Salsa20Cipher_Tests.framework */,
			);
			name = Frameworks;
			sourceTree = "<group>";
		};
/* End PBXGroup section */

/* Begin PBXNativeTarget section */
		607FACCF1AFB9204008FA782 /* Salsa20Cipher_Example */ = {
			isa = PBXNativeTarget;
			buildConfigurationList = 607FACEF1AFB9204008FA782 /* Build configuration list for PBXNativeTarget "Salsa20Cipher_Example" */;
			buildPhases = (
				9CC473C66D881A9487707884 /* [CP] Check Pods Manifest.lock */,
				607FACCC1AFB9204008FA782 /* Sources */,
				607FACCD1AFB9204008FA782 /* Frameworks */,
				607FACCE1AFB9204008FA782 /* Resources */,
				2D2D7C706DDF143CDD28BD56 /* [CP] Embed Pods Frameworks */,
				792C8AF04068918D85A6B119 /* [CP] Copy Pods Resources */,
			);
			buildRules = (
			);
			dependencies = (
			);
			name = Salsa20Cipher_Example;
			productName = Salsa20Cipher;
			productReference = 607FACD01AFB9204008FA782 /* Salsa20Cipher_Example.app */;
			productType = "com.apple.product-type.application";
		};
		607FACE41AFB9204008FA782 /* Salsa20Cipher_Tests */ = {
			isa = PBXNativeTarget;
			buildConfigurationList = 607FACF21AFB9204008FA782 /* Build configuration list for PBXNativeTarget "Salsa20Cipher_Tests" */;
			buildPhases = (
				3EBE8407C7798C8A3CE67E61 /* [CP] Check Pods Manifest.lock */,
				607FACE11AFB9204008FA782 /* Sources */,
				607FACE21AFB9204008FA782 /* Frameworks */,
				607FACE31AFB9204008FA782 /* Resources */,
				50A8792A50E673363296CB80 /* [CP] Embed Pods Frameworks */,
				FCDFFC097D62C5B4CF0C328B /* [CP] Copy Pods Resources */,
			);
			buildRules = (
			);
			dependencies = (
				607FACE71AFB9204008FA782 /* PBXTargetDependency */,
			);
			name = Salsa20Cipher_Tests;
			productName = Tests;
			productReference = 607FACE51AFB9204008FA782 /* Salsa20Cipher_Tests.xctest */;
			productType = "com.apple.product-type.bundle.unit-test";
		};
/* End PBXNativeTarget section */

/* Begin PBXProject section */
		607FACC81AFB9204008FA782 /* Project object */ = {
			isa = PBXProject;
			attributes = {
				LastSwiftUpdateCheck = 0830;
				LastUpgradeCheck = 0830;
				ORGANIZATIONNAME = CocoaPods;
				TargetAttributes = {
					607FACCF1AFB9204008FA782 = {
						CreatedOnToolsVersion = 6.3.1;
						DevelopmentTeam = L454S9SQH7;
						LastSwiftMigration = 0900;
					};
					607FACE41AFB9204008FA782 = {
						CreatedOnToolsVersion = 6.3.1;
						DevelopmentTeam = L454S9SQH7;
						LastSwiftMigration = 0900;
						TestTargetID = 607FACCF1AFB9204008FA782;
					};
				};
			};
			buildConfigurationList = 607FACCB1AFB9204008FA782 /* Build configuration list for PBXProject "Salsa20Cipher" */;
			compatibilityVersion = "Xcode 3.2";
			developmentRegion = English;
			hasScannedForEncodings = 0;
			knownRegions = (
				en,
				Base,
			);
			mainGroup = 607FACC71AFB9204008FA782;
			productRefGroup = 607FACD11AFB9204008FA782 /* Products */;
			projectDirPath = "";
			projectRoot = "";
			targets = (
				607FACCF1AFB9204008FA782 /* Salsa20Cipher_Example */,
				607FACE41AFB9204008FA782 /* Salsa20Cipher_Tests */,
			);
		};
/* End PBXProject section */

/* Begin PBXResourcesBuildPhase section */
		607FACCE1AFB9204008FA782 /* Resources */ = {
			isa = PBXResourcesBuildPhase;
			buildActionMask = 2147483647;
			files = (
				607FACDB1AFB9204008FA782 /* Main.storyboard in Resources */,
				607FACE01AFB9204008FA782 /* LaunchScreen.xib in Resources */,
				607FACDD1AFB9204008FA782 /* Images.xcassets in Resources */,
			);
			runOnlyForDeploymentPostprocessing = 0;
		};
		607FACE31AFB9204008FA782 /* Resources */ = {
			isa = PBXResourcesBuildPhase;
			buildActionMask = 2147483647;
			files = (
				D8C1D0B41FB8E67F00DF4EAB /* OpenText.txt in Resources */,
			);
			runOnlyForDeploymentPostprocessing = 0;
		};
/* End PBXResourcesBuildPhase section */

/* Begin PBXShellScriptBuildPhase section */
		2D2D7C706DDF143CDD28BD56 /* [CP] Embed Pods Frameworks */ = {
			isa = PBXShellScriptBuildPhase;
			buildActionMask = 2147483647;
			files = (
			);
			inputPaths = (
				"${SRCROOT}/Pods/Target Support Files/Pods-Salsa20Cipher_Example/Pods-Salsa20Cipher_Example-frameworks.sh",
				"${BUILT_PRODUCTS_DIR}/Salsa20Cipher/Salsa20Cipher.framework",
			);
			name = "[CP] Embed Pods Frameworks";
			outputPaths = (
				"${TARGET_BUILD_DIR}/${FRAMEWORKS_FOLDER_PATH}/Salsa20Cipher.framework",
			);
			runOnlyForDeploymentPostprocessing = 0;
			shellPath = /bin/sh;
			shellScript = "\"${SRCROOT}/Pods/Target Support Files/Pods-Salsa20Cipher_Example/Pods-Salsa20Cipher_Example-frameworks.sh\"\n";
			showEnvVarsInLog = 0;
		};
		3EBE8407C7798C8A3CE67E61 /* [CP] Check Pods Manifest.lock */ = {
			isa = PBXShellScriptBuildPhase;
			buildActionMask = 2147483647;
			files = (
			);
			inputPaths = (
				"${PODS_PODFILE_DIR_PATH}/Podfile.lock",
				"${PODS_ROOT}/Manifest.lock",
			);
			name = "[CP] Check Pods Manifest.lock";
			outputPaths = (
				"$(DERIVED_FILE_DIR)/Pods-Salsa20Cipher_Tests-checkManifestLockResult.txt",
			);
			runOnlyForDeploymentPostprocessing = 0;
			shellPath = /bin/sh;
			shellScript = "diff \"${PODS_PODFILE_DIR_PATH}/Podfile.lock\" \"${PODS_ROOT}/Manifest.lock\" > /dev/null\nif [ $? != 0 ] ; then\n    # print error to STDERR\n    echo \"error: The sandbox is not in sync with the Podfile.lock. Run 'pod install' or update your CocoaPods installation.\" >&2\n    exit 1\nfi\n# This output is used by Xcode 'outputs' to avoid re-running this script phase.\necho \"SUCCESS\" > \"${SCRIPT_OUTPUT_FILE_0}\"\n";
			showEnvVarsInLog = 0;
		};
		50A8792A50E673363296CB80 /* [CP] Embed Pods Frameworks */ = {
			isa = PBXShellScriptBuildPhase;
			buildActionMask = 2147483647;
			files = (
			);
			inputPaths = (
				"${SRCROOT}/Pods/Target Support Files/Pods-Salsa20Cipher_Tests/Pods-Salsa20Cipher_Tests-frameworks.sh",
				"${BUILT_PRODUCTS_DIR}/Salsa20Cipher/Salsa20Cipher.framework",
				"${BUILT_PRODUCTS_DIR}/CleanTests/CleanTests.framework",
			);
			name = "[CP] Embed Pods Frameworks";
			outputPaths = (
				"${TARGET_BUILD_DIR}/${FRAMEWORKS_FOLDER_PATH}/Salsa20Cipher.framework",
				"${TARGET_BUILD_DIR}/${FRAMEWORKS_FOLDER_PATH}/CleanTests.framework",
			);
			runOnlyForDeploymentPostprocessing = 0;
			shellPath = /bin/sh;
			shellScript = "\"${SRCROOT}/Pods/Target Support Files/Pods-Salsa20Cipher_Tests/Pods-Salsa20Cipher_Tests-frameworks.sh\"\n";
			showEnvVarsInLog = 0;
		};
		792C8AF04068918D85A6B119 /* [CP] Copy Pods Resources */ = {
			isa = PBXShellScriptBuildPhase;
			buildActionMask = 2147483647;
			files = (
			);
			inputPaths = (
			);
			name = "[CP] Copy Pods Resources";
			outputPaths = (
			);
			runOnlyForDeploymentPostprocessing = 0;
			shellPath = /bin/sh;
			shellScript = "\"${SRCROOT}/Pods/Target Support Files/Pods-Salsa20Cipher_Example/Pods-Salsa20Cipher_Example-resources.sh\"\n";
			showEnvVarsInLog = 0;
		};
		9CC473C66D881A9487707884 /* [CP] Check Pods Manifest.lock */ = {
			isa = PBXShellScriptBuildPhase;
			buildActionMask = 2147483647;
			files = (
			);
			inputPaths = (
				"${PODS_PODFILE_DIR_PATH}/Podfile.lock",
				"${PODS_ROOT}/Manifest.lock",
			);
			name = "[CP] Check Pods Manifest.lock";
			outputPaths = (
				"$(DERIVED_FILE_DIR)/Pods-Salsa20Cipher_Example-checkManifestLockResult.txt",
			);
			runOnlyForDeploymentPostprocessing = 0;
			shellPath = /bin/sh;
			shellScript = "diff \"${PODS_PODFILE_DIR_PATH}/Podfile.lock\" \"${PODS_ROOT}/Manifest.lock\" > /dev/null\nif [ $? != 0 ] ; then\n    # print error to STDERR\n    echo \"error: The sandbox is not in sync with the Podfile.lock. Run 'pod install' or update your CocoaPods installation.\" >&2\n    exit 1\nfi\n# This output is used by Xcode 'outputs' to avoid re-running this script phase.\necho \"SUCCESS\" > \"${SCRIPT_OUTPUT_FILE_0}\"\n";
			showEnvVarsInLog = 0;
		};
		FCDFFC097D62C5B4CF0C328B /* [CP] Copy Pods Resources */ = {
			isa = PBXShellScriptBuildPhase;
			buildActionMask = 2147483647;
			files = (
			);
			inputPaths = (
			);
			name = "[CP] Copy Pods Resources";
			outputPaths = (
			);
			runOnlyForDeploymentPostprocessing = 0;
			shellPath = /bin/sh;
			shellScript = "\"${SRCROOT}/Pods/Target Support Files/Pods-Salsa20Cipher_Tests/Pods-Salsa20Cipher_Tests-resources.sh\"\n";
			showEnvVarsInLog = 0;
		};
/* End PBXShellScriptBuildPhase section */

/* Begin PBXSourcesBuildPhase section */
		607FACCC1AFB9204008FA782 /* Sources */ = {
			isa = PBXSourcesBuildPhase;
			buildActionMask = 2147483647;
			files = (
				607FACD81AFB9204008FA782 /* ViewController.swift in Sources */,
				607FACD61AFB9204008FA782 /* AppDelegate.swift in Sources */,
			);
			runOnlyForDeploymentPostprocessing = 0;
		};
		607FACE11AFB9204008FA782 /* Sources */ = {
			isa = PBXSourcesBuildPhase;
			buildActionMask = 2147483647;
			files = (
				D8C1D0BC1FB8E67F00DF4EAB /* TestSalsa20HashVectors.swift in Sources */,
				D8C1D0B81FB8E67F00DF4EAB /* Salsa20HashFunctionTests.swift in Sources */,
				D8C1D0B71FB8E67F00DF4EAB /* Salsa20ExpansionFunctionTests.swift in Sources */,
				D8C1D0BB1FB8E67F00DF4EAB /* TestSalsa20ExpansionVector.swift in Sources */,
				D8C1D0B31FB8E67F00DF4EAB /* FileInputStreamTests.swift in Sources */,
				D8C1D0B61FB8E67F00DF4EAB /* Salsa20CipherTests.swift in Sources */,
				D8C1D0BD1FB8E67F00DF4EAB /* TestVectors.swift in Sources */,
				D8C1D0BA1FB8E67F00DF4EAB /* TestConstants.swift in Sources */,
				D8C1D0B51FB8E67F00DF4EAB /* Salsa20CipherDataTests.swift in Sources */,
				D8C1D0B91FB8E67F00DF4EAB /* SalsaCipherStreamTests.swift in Sources */,
				D8C1D0B21FB8E67F00DF4EAB /* DataInputStreamTests.swift in Sources */,
				D8C1D0B11FB8E67F00DF4EAB /* ByteOrderTests.swift in Sources */,
			);
			runOnlyForDeploymentPostprocessing = 0;
		};
/* End PBXSourcesBuildPhase section */

/* Begin PBXTargetDependency section */
		607FACE71AFB9204008FA782 /* PBXTargetDependency */ = {
			isa = PBXTargetDependency;
			target = 607FACCF1AFB9204008FA782 /* Salsa20Cipher_Example */;
			targetProxy = 607FACE61AFB9204008FA782 /* PBXContainerItemProxy */;
		};
/* End PBXTargetDependency section */

/* Begin PBXVariantGroup section */
		607FACD91AFB9204008FA782 /* Main.storyboard */ = {
			isa = PBXVariantGroup;
			children = (
				607FACDA1AFB9204008FA782 /* Base */,
			);
			name = Main.storyboard;
			sourceTree = "<group>";
		};
		607FACDE1AFB9204008FA782 /* LaunchScreen.xib */ = {
			isa = PBXVariantGroup;
			children = (
				607FACDF1AFB9204008FA782 /* Base */,
			);
			name = LaunchScreen.xib;
			sourceTree = "<group>";
		};
/* End PBXVariantGroup section */

/* Begin XCBuildConfiguration section */
		607FACED1AFB9204008FA782 /* Debug */ = {
			isa = XCBuildConfiguration;
			buildSettings = {
				ALWAYS_SEARCH_USER_PATHS = NO;
				CLANG_CXX_LANGUAGE_STANDARD = "gnu++0x";
				CLANG_CXX_LIBRARY = "libc++";
				CLANG_ENABLE_MODULES = YES;
				CLANG_ENABLE_OBJC_ARC = YES;
				CLANG_WARN_BLOCK_CAPTURE_AUTORELEASING = YES;
				CLANG_WARN_BOOL_CONVERSION = YES;
				CLANG_WARN_COMMA = YES;
				CLANG_WARN_CONSTANT_CONVERSION = YES;
				CLANG_WARN_DIRECT_OBJC_ISA_USAGE = YES_ERROR;
				CLANG_WARN_EMPTY_BODY = YES;
				CLANG_WARN_ENUM_CONVERSION = YES;
				CLANG_WARN_INFINITE_RECURSION = YES;
				CLANG_WARN_INT_CONVERSION = YES;
				CLANG_WARN_NON_LITERAL_NULL_CONVERSION = YES;
				CLANG_WARN_OBJC_LITERAL_CONVERSION = YES;
				CLANG_WARN_OBJC_ROOT_CLASS = YES_ERROR;
				CLANG_WARN_RANGE_LOOP_ANALYSIS = YES;
				CLANG_WARN_STRICT_PROTOTYPES = YES;
				CLANG_WARN_SUSPICIOUS_MOVE = YES;
				CLANG_WARN_UNREACHABLE_CODE = YES;
				CLANG_WARN__DUPLICATE_METHOD_MATCH = YES;
				"CODE_SIGN_IDENTITY[sdk=iphoneos*]" = "iPhone Developer";
				COPY_PHASE_STRIP = NO;
				DEBUG_INFORMATION_FORMAT = "dwarf-with-dsym";
				ENABLE_STRICT_OBJC_MSGSEND = YES;
				ENABLE_TESTABILITY = YES;
				GCC_C_LANGUAGE_STANDARD = gnu99;
				GCC_DYNAMIC_NO_PIC = NO;
				GCC_NO_COMMON_BLOCKS = YES;
				GCC_OPTIMIZATION_LEVEL = 0;
				GCC_PREPROCESSOR_DEFINITIONS = (
					"DEBUG=1",
					"$(inherited)",
				);
				GCC_SYMBOLS_PRIVATE_EXTERN = NO;
				GCC_WARN_64_TO_32_BIT_CONVERSION = YES;
				GCC_WARN_ABOUT_RETURN_TYPE = YES_ERROR;
				GCC_WARN_UNDECLARED_SELECTOR = YES;
				GCC_WARN_UNINITIALIZED_AUTOS = YES_AGGRESSIVE;
				GCC_WARN_UNUSED_FUNCTION = YES;
				GCC_WARN_UNUSED_VARIABLE = YES;
				IPHONEOS_DEPLOYMENT_TARGET = 9.3;
				MTL_ENABLE_DEBUG_INFO = YES;
				ONLY_ACTIVE_ARCH = YES;
				SDKROOT = iphoneos;
				SWIFT_OPTIMIZATION_LEVEL = "-Onone";
			};
			name = Debug;
		};
		607FACEE1AFB9204008FA782 /* Release */ = {
			isa = XCBuildConfiguration;
			buildSettings = {
				ALWAYS_SEARCH_USER_PATHS = NO;
				CLANG_CXX_LANGUAGE_STANDARD = "gnu++0x";
				CLANG_CXX_LIBRARY = "libc++";
				CLANG_ENABLE_MODULES = YES;
				CLANG_ENABLE_OBJC_ARC = YES;
				CLANG_WARN_BLOCK_CAPTURE_AUTORELEASING = YES;
				CLANG_WARN_BOOL_CONVERSION = YES;
				CLANG_WARN_COMMA = YES;
				CLANG_WARN_CONSTANT_CONVERSION = YES;
				CLANG_WARN_DIRECT_OBJC_ISA_USAGE = YES_ERROR;
				CLANG_WARN_EMPTY_BODY = YES;
				CLANG_WARN_ENUM_CONVERSION = YES;
				CLANG_WARN_INFINITE_RECURSION = YES;
				CLANG_WARN_INT_CONVERSION = YES;
				CLANG_WARN_NON_LITERAL_NULL_CONVERSION = YES;
				CLANG_WARN_OBJC_LITERAL_CONVERSION = YES;
				CLANG_WARN_OBJC_ROOT_CLASS = YES_ERROR;
				CLANG_WARN_RANGE_LOOP_ANALYSIS = YES;
				CLANG_WARN_STRICT_PROTOTYPES = YES;
				CLANG_WARN_SUSPICIOUS_MOVE = YES;
				CLANG_WARN_UNREACHABLE_CODE = YES;
				CLANG_WARN__DUPLICATE_METHOD_MATCH = YES;
				"CODE_SIGN_IDENTITY[sdk=iphoneos*]" = "iPhone Developer";
				COPY_PHASE_STRIP = NO;
				DEBUG_INFORMATION_FORMAT = "dwarf-with-dsym";
				ENABLE_NS_ASSERTIONS = NO;
				ENABLE_STRICT_OBJC_MSGSEND = YES;
				GCC_C_LANGUAGE_STANDARD = gnu99;
				GCC_NO_COMMON_BLOCKS = YES;
				GCC_WARN_64_TO_32_BIT_CONVERSION = YES;
				GCC_WARN_ABOUT_RETURN_TYPE = YES_ERROR;
				GCC_WARN_UNDECLARED_SELECTOR = YES;
				GCC_WARN_UNINITIALIZED_AUTOS = YES_AGGRESSIVE;
				GCC_WARN_UNUSED_FUNCTION = YES;
				GCC_WARN_UNUSED_VARIABLE = YES;
				IPHONEOS_DEPLOYMENT_TARGET = 9.3;
				MTL_ENABLE_DEBUG_INFO = NO;
				SDKROOT = iphoneos;
				SWIFT_OPTIMIZATION_LEVEL = "-Owholemodule";
				VALIDATE_PRODUCT = YES;
			};
			name = Release;
		};
		607FACF01AFB9204008FA782 /* Debug */ = {
			isa = XCBuildConfiguration;
			baseConfigurationReference = 10FA835F9702B1674F26A1F0 /* Pods-Salsa20Cipher_Example.debug.xcconfig */;
			buildSettings = {
				ASSETCATALOG_COMPILER_APPICON_NAME = AppIcon;
				DEVELOPMENT_TEAM = L454S9SQH7;
				INFOPLIST_FILE = Salsa20Cipher/Info.plist;
				LD_RUNPATH_SEARCH_PATHS = "$(inherited) @executable_path/Frameworks";
				MODULE_NAME = ExampleApp;
				PRODUCT_BUNDLE_IDENTIFIER = "org.cocoapods.demo.$(PRODUCT_NAME:rfc1034identifier)";
				PRODUCT_NAME = "$(TARGET_NAME)";
				SWIFT_SWIFT3_OBJC_INFERENCE = Default;
				SWIFT_VERSION = 4.0;
			};
			name = Debug;
		};
		607FACF11AFB9204008FA782 /* Release */ = {
			isa = XCBuildConfiguration;
			baseConfigurationReference = 20794FC6921DF866329464A6 /* Pods-Salsa20Cipher_Example.release.xcconfig */;
			buildSettings = {
				ASSETCATALOG_COMPILER_APPICON_NAME = AppIcon;
				DEVELOPMENT_TEAM = L454S9SQH7;
				INFOPLIST_FILE = Salsa20Cipher/Info.plist;
				LD_RUNPATH_SEARCH_PATHS = "$(inherited) @executable_path/Frameworks";
				MODULE_NAME = ExampleApp;
				PRODUCT_BUNDLE_IDENTIFIER = "org.cocoapods.demo.$(PRODUCT_NAME:rfc1034identifier)";
				PRODUCT_NAME = "$(TARGET_NAME)";
				SWIFT_SWIFT3_OBJC_INFERENCE = Default;
				SWIFT_VERSION = 4.0;
			};
			name = Release;
		};
		607FACF31AFB9204008FA782 /* Debug */ = {
			isa = XCBuildConfiguration;
			baseConfigurationReference = E691E1E083BF489EB358F798 /* Pods-Salsa20Cipher_Tests.debug.xcconfig */;
			buildSettings = {
				DEVELOPMENT_TEAM = L454S9SQH7;
				FRAMEWORK_SEARCH_PATHS = (
					"$(SDKROOT)/Developer/Library/Frameworks",
					"$(inherited)",
				);
				GCC_PREPROCESSOR_DEFINITIONS = (
					"DEBUG=1",
					"$(inherited)",
				);
				INFOPLIST_FILE = Tests/Info.plist;
				LD_RUNPATH_SEARCH_PATHS = "$(inherited) @executable_path/Frameworks @loader_path/Frameworks";
				PRODUCT_BUNDLE_IDENTIFIER = "org.cocoapods.$(PRODUCT_NAME:rfc1034identifier)";
				PRODUCT_NAME = "$(TARGET_NAME)";
				SWIFT_SWIFT3_OBJC_INFERENCE = Default;
				SWIFT_VERSION = 4.0;
			};
			name = Debug;
		};
		607FACF41AFB9204008FA782 /* Release */ = {
			isa = XCBuildConfiguration;
			baseConfigurationReference = 93FCE73A4DCB3386B5798C22 /* Pods-Salsa20Cipher_Tests.release.xcconfig */;
			buildSettings = {
				DEVELOPMENT_TEAM = L454S9SQH7;
				FRAMEWORK_SEARCH_PATHS = (
					"$(SDKROOT)/Developer/Library/Frameworks",
					"$(inherited)",
				);
				INFOPLIST_FILE = Tests/Info.plist;
				LD_RUNPATH_SEARCH_PATHS = "$(inherited) @executable_path/Frameworks @loader_path/Frameworks";
				PRODUCT_BUNDLE_IDENTIFIER = "org.cocoapods.$(PRODUCT_NAME:rfc1034identifier)";
				PRODUCT_NAME = "$(TARGET_NAME)";
				SWIFT_SWIFT3_OBJC_INFERENCE = Default;
				SWIFT_VERSION = 4.0;
			};
			name = Release;
		};
/* End XCBuildConfiguration section */

/* Begin XCConfigurationList section */
		607FACCB1AFB9204008FA782 /* Build configuration list for PBXProject "Salsa20Cipher" */ = {
			isa = XCConfigurationList;
			buildConfigurations = (
				607FACED1AFB9204008FA782 /* Debug */,
				607FACEE1AFB9204008FA782 /* Release */,
			);
			defaultConfigurationIsVisible = 0;
			defaultConfigurationName = Release;
		};
		607FACEF1AFB9204008FA782 /* Build configuration list for PBXNativeTarget "Salsa20Cipher_Example" */ = {
			isa = XCConfigurationList;
			buildConfigurations = (
				607FACF01AFB9204008FA782 /* Debug */,
				607FACF11AFB9204008FA782 /* Release */,
			);
			defaultConfigurationIsVisible = 0;
			defaultConfigurationName = Release;
		};
		607FACF21AFB9204008FA782 /* Build configuration list for PBXNativeTarget "Salsa20Cipher_Tests" */ = {
			isa = XCConfigurationList;
			buildConfigurations = (
				607FACF31AFB9204008FA782 /* Debug */,
				607FACF41AFB9204008FA782 /* Release */,
			);
			defaultConfigurationIsVisible = 0;
			defaultConfigurationName = Release;
		};
/* End XCConfigurationList section */
	};
	rootObject = 607FACC81AFB9204008FA782 /* Project object */;
}
